
Microsoft Visual Studio Solution File, Format Version 12.00
# Visual Studio Version 17
VisualStudioVersion = 17.14.36310.24
MinimumVisualStudioVersion = 10.0.40219.1
Project("{FAE04EC0-301F-11D3-BF4B-00C04F79EFBC}") = "AdPlacement.Application", "src\AdPlacement.Application\AdPlacement.Application.csproj", "{8EAD1968-589E-95A8-F0A1-F3F07BEEDDA2}"
EndProject
Project("{FAE04EC0-301F-11D3-BF4B-00C04F79EFBC}") = "AdPlacement.Domain", "src\AdPlacement.Domain\AdPlacement.Domain.csproj", "{670B0FEF-E641-C7DE-8833-B82B7E69A6D2}"
EndProject
Project("{FAE04EC0-301F-11D3-BF4B-00C04F79EFBC}") = "AdPlacement.Infrastructure", "src\AdPlacement.Infrastructure\AdPlacement.Infrastructure.csproj", "{34D5CA7E-0146-E226-F79B-9AA58762D1C3}"
EndProject
Project("{FAE04EC0-301F-11D3-BF4B-00C04F79EFBC}") = "AdPlacement.API", "src\AdPlacement.API\AdPlacement.API.csproj", "{93B96279-E701-4332-A4B8-554EE9D5D9F0}"
EndProject
Project("{2150E333-8FDC-42A3-9474-1A3956D46DE8}") = "tests", "tests", "{02EA681E-C7D8-13C7-8484-4AC65E1B71E8}"
EndProject
Project("{FAE04EC0-301F-11D3-BF4B-00C04F79EFBC}") = "AdPlacement.Tests", "tests\AdPlacement.Tests\AdPlacement.Tests.csproj", "{EBAC04BF-7ADF-493E-A334-BAE42F37328C}"
EndProject
Global
	GlobalSection(SolutionConfigurationPlatforms) = preSolution
		Debug|Any CPU = Debug|Any CPU
		Release|Any CPU = Release|Any CPU
	EndGlobalSection
	GlobalSection(ProjectConfigurationPlatforms) = postSolution
		{8EAD1968-589E-95A8-F0A1-F3F07BEEDDA2}.Debug|Any CPU.ActiveCfg = Debug|Any CPU
		{8EAD1968-589E-95A8-F0A1-F3F07BEEDDA2}.Debug|Any CPU.Build.0 = Debug|Any CPU
		{8EAD1968-589E-95A8-F0A1-F3F07BEEDDA2}.Release|Any CPU.ActiveCfg = Release|Any CPU
		{8EAD1968-589E-95A8-F0A1-F3F07BEEDDA2}.Release|Any CPU.Build.0 = Release|Any CPU
		{670B0FEF-E641-C7DE-8833-B82B7E69A6D2}.Debug|Any CPU.ActiveCfg = Debug|Any CPU
		{670B0FEF-E641-C7DE-8833-B82B7E69A6D2}.Debug|Any CPU.Build.0 = Debug|Any CPU
		{670B0FEF-E641-C7DE-8833-B82B7E69A6D2}.Release|Any CPU.ActiveCfg = Release|Any CPU
		{670B0FEF-E641-C7DE-8833-B82B7E69A6D2}.Release|Any CPU.Build.0 = Release|Any CPU
		{34D5CA7E-0146-E226-F79B-9AA58762D1C3}.Debug|Any CPU.ActiveCfg = Debug|Any CPU
		{34D5CA7E-0146-E226-F79B-9AA58762D1C3}.Debug|Any CPU.Build.0 = Debug|Any CPU
		{34D5CA7E-0146-E226-F79B-9AA58762D1C3}.Release|Any CPU.ActiveCfg = Release|Any CPU
		{34D5CA7E-0146-E226-F79B-9AA58762D1C3}.Release|Any CPU.Build.0 = Release|Any CPU
		{93B96279-E701-4332-A4B8-554EE9D5D9F0}.Debug|Any CPU.ActiveCfg = Debug|Any CPU
		{93B96279-E701-4332-A4B8-554EE9D5D9F0}.Debug|Any CPU.Build.0 = Debug|Any CPU
		{93B96279-E701-4332-A4B8-554EE9D5D9F0}.Release|Any CPU.ActiveCfg = Release|Any CPU
		{93B96279-E701-4332-A4B8-554EE9D5D9F0}.Release|Any CPU.Build.0 = Release|Any CPU
		{EBAC04BF-7ADF-493E-A334-BAE42F37328C}.Debug|Any CPU.ActiveCfg = Debug|Any CPU
		{EBAC04BF-7ADF-493E-A334-BAE42F37328C}.Debug|Any CPU.Build.0 = Debug|Any CPU
		{EBAC04BF-7ADF-493E-A334-BAE42F37328C}.Release|Any CPU.ActiveCfg = Release|Any CPU
		{EBAC04BF-7ADF-493E-A334-BAE42F37328C}.Release|Any CPU.Build.0 = Release|Any CPU
	EndGlobalSection
	GlobalSection(SolutionProperties) = preSolution
		HideSolutionNode = FALSE
	EndGlobalSection
	GlobalSection(NestedProjects) = preSolution
		{EBAC04BF-7ADF-493E-A334-BAE42F37328C} = {02EA681E-C7D8-13C7-8484-4AC65E1B71E8}
	EndGlobalSection
	GlobalSection(ExtensibilityGlobals) = postSolution
		SolutionGuid = {4CB260D3-E22D-419D-90BA-1BE6AFFA5636}
	EndGlobalSection
EndGlobal
